// !$*UTF8*$!
{
	archiveVersion = 1;
	classes = {
	};
	objectVersion = 56;
	objects = {

/* Begin PBXBuildFile section */
		8B02F1962BAF2BF100C90224 /* kanutestApp.swift in Sources */ = {isa = PBXBuildFile; fileRef = 8B02F1952BAF2BF100C90224 /* kanutestApp.swift */; };
		8B02F1982BAF2BF100C90224 /* ContentView.swift in Sources */ = {isa = PBXBuildFile; fileRef = 8B02F1972BAF2BF100C90224 /* ContentView.swift */; };
		8B02F19A2BAF2BF200C90224 /* Assets.xcassets in Resources */ = {isa = PBXBuildFile; fileRef = 8B02F1992BAF2BF200C90224 /* Assets.xcassets */; };
		8B02F19D2BAF2BF200C90224 /* Preview Assets.xcassets in Resources */ = {isa = PBXBuildFile; fileRef = 8B02F19C2BAF2BF200C90224 /* Preview Assets.xcassets */; };
		8B02F1A52BAF2C0B00C90224 /* Alamofire in Frameworks */ = {isa = PBXBuildFile; productRef = 8B02F1A42BAF2C0B00C90224 /* Alamofire */; };
		8B02F1A82BAF2D3B00C90224 /* ProfileHeader.swift in Sources */ = {isa = PBXBuildFile; fileRef = 8B02F1A72BAF2D3B00C90224 /* ProfileHeader.swift */; };
		8B02F1AA2BAF2D5300C90224 /* WebViewModel.swift in Sources */ = {isa = PBXBuildFile; fileRef = 8B02F1A92BAF2D5300C90224 /* WebViewModel.swift */; };
		8B02F1AC2BAF2D6000C90224 /* RootView.swift in Sources */ = {isa = PBXBuildFile; fileRef = 8B02F1AB2BAF2D6000C90224 /* RootView.swift */; };
		8B02F1AE2BAF2D7200C90224 /* MessageListView.swift in Sources */ = {isa = PBXBuildFile; fileRef = 8B02F1AD2BAF2D7200C90224 /* MessageListView.swift */; };
		8B02F1B02BAF2D8400C90224 /* MyProfileView.swift in Sources */ = {isa = PBXBuildFile; fileRef = 8B02F1AF2BAF2D8400C90224 /* MyProfileView.swift */; };
		8B02F1B22BAF2D9300C90224 /* NearbyView.swift in Sources */ = {isa = PBXBuildFile; fileRef = 8B02F1B12BAF2D9300C90224 /* NearbyView.swift */; };
		8B02F1B42BAF2DA100C90224 /* ProfileSheet.swift in Sources */ = {isa = PBXBuildFile; fileRef = 8B02F1B32BAF2DA100C90224 /* ProfileSheet.swift */; };
		8B02F1B62BAF2DAD00C90224 /* WebView.swift in Sources */ = {isa = PBXBuildFile; fileRef = 8B02F1B52BAF2DAD00C90224 /* WebView.swift */; };
		8B02F1B82BAF2DC500C90224 /* NearbyNotAvailable.swift in Sources */ = {isa = PBXBuildFile; fileRef = 8B02F1B72BAF2DC500C90224 /* NearbyNotAvailable.swift */; };
		8B02F1BA2BAF2DDE00C90224 /* NearbyViewModel.swift in Sources */ = {isa = PBXBuildFile; fileRef = 8B02F1B92BAF2DDE00C90224 /* NearbyViewModel.swift */; };
		8B02F1BC2BAF2DED00C90224 /* NearbyManager.swift in Sources */ = {isa = PBXBuildFile; fileRef = 8B02F1BB2BAF2DED00C90224 /* NearbyManager.swift */; };
/* End PBXBuildFile section */

/* Begin PBXFileReference section */
		8B02F1922BAF2BF100C90224 /* kanutest.app */ = {isa = PBXFileReference; explicitFileType = wrapper.application; includeInIndex = 0; path = kanutest.app; sourceTree = BUILT_PRODUCTS_DIR; };
		8B02F1952BAF2BF100C90224 /* kanutestApp.swift */ = {isa = PBXFileReference; lastKnownFileType = sourcecode.swift; path = kanutestApp.swift; sourceTree = "<group>"; };
		8B02F1972BAF2BF100C90224 /* ContentView.swift */ = {isa = PBXFileReference; lastKnownFileType = sourcecode.swift; path = ContentView.swift; sourceTree = "<group>"; };
		8B02F1992BAF2BF200C90224 /* Assets.xcassets */ = {isa = PBXFileReference; lastKnownFileType = folder.assetcatalog; path = Assets.xcassets; sourceTree = "<group>"; };
		8B02F19C2BAF2BF200C90224 /* Preview Assets.xcassets */ = {isa = PBXFileReference; lastKnownFileType = folder.assetcatalog; path = "Preview Assets.xcassets"; sourceTree = "<group>"; };
		8B02F1A72BAF2D3B00C90224 /* ProfileHeader.swift */ = {isa = PBXFileReference; lastKnownFileType = sourcecode.swift; path = ProfileHeader.swift; sourceTree = "<group>"; };
		8B02F1A92BAF2D5300C90224 /* WebViewModel.swift */ = {isa = PBXFileReference; lastKnownFileType = sourcecode.swift; path = WebViewModel.swift; sourceTree = "<group>"; };
		8B02F1AB2BAF2D6000C90224 /* RootView.swift */ = {isa = PBXFileReference; lastKnownFileType = sourcecode.swift; path = RootView.swift; sourceTree = "<group>"; };
		8B02F1AD2BAF2D7200C90224 /* MessageListView.swift */ = {isa = PBXFileReference; lastKnownFileType = sourcecode.swift; path = MessageListView.swift; sourceTree = "<group>"; };
		8B02F1AF2BAF2D8400C90224 /* MyProfileView.swift */ = {isa = PBXFileReference; lastKnownFileType = sourcecode.swift; path = MyProfileView.swift; sourceTree = "<group>"; };
		8B02F1B12BAF2D9300C90224 /* NearbyView.swift */ = {isa = PBXFileReference; lastKnownFileType = sourcecode.swift; path = NearbyView.swift; sourceTree = "<group>"; };
		8B02F1B32BAF2DA100C90224 /* ProfileSheet.swift */ = {isa = PBXFileReference; lastKnownFileType = sourcecode.swift; path = ProfileSheet.swift; sourceTree = "<group>"; };
		8B02F1B52BAF2DAD00C90224 /* WebView.swift */ = {isa = PBXFileReference; lastKnownFileType = sourcecode.swift; path = WebView.swift; sourceTree = "<group>"; };
		8B02F1B72BAF2DC500C90224 /* NearbyNotAvailable.swift */ = {isa = PBXFileReference; lastKnownFileType = sourcecode.swift; path = NearbyNotAvailable.swift; sourceTree = "<group>"; };
		8B02F1B92BAF2DDE00C90224 /* NearbyViewModel.swift */ = {isa = PBXFileReference; lastKnownFileType = sourcecode.swift; path = NearbyViewModel.swift; sourceTree = "<group>"; };
		8B02F1BB2BAF2DED00C90224 /* NearbyManager.swift */ = {isa = PBXFileReference; lastKnownFileType = sourcecode.swift; path = NearbyManager.swift; sourceTree = "<group>"; };
/* End PBXFileReference section */

/* Begin PBXFrameworksBuildPhase section */
		8B02F18F2BAF2BF100C90224 /* Frameworks */ = {
			isa = PBXFrameworksBuildPhase;
			buildActionMask = 2147483647;
			files = (
				8B02F1A52BAF2C0B00C90224 /* Alamofire in Frameworks */,
			);
			runOnlyForDeploymentPostprocessing = 0;
		};
/* End PBXFrameworksBuildPhase section */

/* Begin PBXGroup section */
		8B02F1892BAF2BF100C90224 = {
			isa = PBXGroup;
			children = (
				8B02F1942BAF2BF100C90224 /* kanutest */,
				8B02F1932BAF2BF100C90224 /* Products */,
			);
			sourceTree = "<group>";
		};
		8B02F1932BAF2BF100C90224 /* Products */ = {
			isa = PBXGroup;
			children = (
				8B02F1922BAF2BF100C90224 /* kanutest.app */,
			);
			name = Products;
			sourceTree = "<group>";
		};
		8B02F1942BAF2BF100C90224 /* kanutest */ = {
			isa = PBXGroup;
			children = (
				8B02F1952BAF2BF100C90224 /* kanutestApp.swift */,
				8B02F1972BAF2BF100C90224 /* ContentView.swift */,
				8B02F1A62BAF2D2B00C90224 /* components */,
				8B02F1BD2BAF2DFD00C90224 /* views */,
				8B02F1B92BAF2DDE00C90224 /* NearbyViewModel.swift */,
				8B02F1A92BAF2D5300C90224 /* WebViewModel.swift */,
				8B02F1BB2BAF2DED00C90224 /* NearbyManager.swift */,
				8B02F1992BAF2BF200C90224 /* Assets.xcassets */,
				8B02F19B2BAF2BF200C90224 /* Preview Content */,
			);
			path = kanutest;
			sourceTree = "<group>";
		};
		8B02F19B2BAF2BF200C90224 /* Preview Content */ = {
			isa = PBXGroup;
			children = (
				8B02F19C2BAF2BF200C90224 /* Preview Assets.xcassets */,
			);
			path = "Preview Content";
			sourceTree = "<group>";
		};
		8B02F1A62BAF2D2B00C90224 /* components */ = {
			isa = PBXGroup;
			children = (
				8B02F1A72BAF2D3B00C90224 /* ProfileHeader.swift */,
			);
			path = components;
			sourceTree = "<group>";
		};
		8B02F1BD2BAF2DFD00C90224 /* views */ = {
			isa = PBXGroup;
			children = (
				8B02F1AB2BAF2D6000C90224 /* RootView.swift */,
				8B02F1AF2BAF2D8400C90224 /* MyProfileView.swift */,
				8B02F1AD2BAF2D7200C90224 /* MessageListView.swift */,
				8B02F1B32BAF2DA100C90224 /* ProfileSheet.swift */,
				8B02F1B12BAF2D9300C90224 /* NearbyView.swift */,
				8B02F1B72BAF2DC500C90224 /* NearbyNotAvailable.swift */,
				8B02F1B52BAF2DAD00C90224 /* WebView.swift */,
			);
			path = views;
			sourceTree = "<group>";
		};
/* End PBXGroup section */

/* Begin PBXNativeTarget section */
		8B02F1912BAF2BF100C90224 /* kanutest */ = {
			isa = PBXNativeTarget;
			buildConfigurationList = 8B02F1A02BAF2BF200C90224 /* Build configuration list for PBXNativeTarget "kanutest" */;
			buildPhases = (
				8B02F18E2BAF2BF100C90224 /* Sources */,
				8B02F18F2BAF2BF100C90224 /* Frameworks */,
				8B02F1902BAF2BF100C90224 /* Resources */,
			);
			buildRules = (
			);
			dependencies = (
			);
			name = kanutest;
			packageProductDependencies = (
				8B02F1A42BAF2C0B00C90224 /* Alamofire */,
			);
			productName = kanutest;
			productReference = 8B02F1922BAF2BF100C90224 /* kanutest.app */;
			productType = "com.apple.product-type.application";
		};
/* End PBXNativeTarget section */

/* Begin PBXProject section */
		8B02F18A2BAF2BF100C90224 /* Project object */ = {
			isa = PBXProject;
			attributes = {
				BuildIndependentTargetsInParallel = 1;
				LastSwiftUpdateCheck = 1520;
				LastUpgradeCheck = 1520;
				TargetAttributes = {
					8B02F1912BAF2BF100C90224 = {
						CreatedOnToolsVersion = 15.2;
					};
				};
			};
			buildConfigurationList = 8B02F18D2BAF2BF100C90224 /* Build configuration list for PBXProject "kanutest" */;
			compatibilityVersion = "Xcode 14.0";
			developmentRegion = en;
			hasScannedForEncodings = 0;
			knownRegions = (
				en,
				Base,
			);
			mainGroup = 8B02F1892BAF2BF100C90224;
			packageReferences = (
				8B02F1A32BAF2C0B00C90224 /* XCRemoteSwiftPackageReference "Alamofire" */,
			);
			productRefGroup = 8B02F1932BAF2BF100C90224 /* Products */;
			projectDirPath = "";
			projectRoot = "";
			targets = (
				8B02F1912BAF2BF100C90224 /* kanutest */,
			);
		};
/* End PBXProject section */

/* Begin PBXResourcesBuildPhase section */
		8B02F1902BAF2BF100C90224 /* Resources */ = {
			isa = PBXResourcesBuildPhase;
			buildActionMask = 2147483647;
			files = (
				8B02F19D2BAF2BF200C90224 /* Preview Assets.xcassets in Resources */,
				8B02F19A2BAF2BF200C90224 /* Assets.xcassets in Resources */,
			);
			runOnlyForDeploymentPostprocessing = 0;
		};
/* End PBXResourcesBuildPhase section */

/* Begin PBXSourcesBuildPhase section */
		8B02F18E2BAF2BF100C90224 /* Sources */ = {
			isa = PBXSourcesBuildPhase;
			buildActionMask = 2147483647;
			files = (
				8B02F1982BAF2BF100C90224 /* ContentView.swift in Sources */,
				8B02F1B62BAF2DAD00C90224 /* WebView.swift in Sources */,
				8B02F1962BAF2BF100C90224 /* kanutestApp.swift in Sources */,
				8B02F1BC2BAF2DED00C90224 /* NearbyManager.swift in Sources */,
				8B02F1A82BAF2D3B00C90224 /* ProfileHeader.swift in Sources */,
				8B02F1AA2BAF2D5300C90224 /* WebViewModel.swift in Sources */,
				8B02F1BA2BAF2DDE00C90224 /* NearbyViewModel.swift in Sources */,
				8B02F1B02BAF2D8400C90224 /* MyProfileView.swift in Sources */,
				8B02F1B82BAF2DC500C90224 /* NearbyNotAvailable.swift in Sources */,
				8B02F1AE2BAF2D7200C90224 /* MessageListView.swift in Sources */,
				8B02F1AC2BAF2D6000C90224 /* RootView.swift in Sources */,
				8B02F1B42BAF2DA100C90224 /* ProfileSheet.swift in Sources */,
				8B02F1B22BAF2D9300C90224 /* NearbyView.swift in Sources */,
			);
			runOnlyForDeploymentPostprocessing = 0;
		};
/* End PBXSourcesBuildPhase section */

/* Begin XCBuildConfiguration section */
		8B02F19E2BAF2BF200C90224 /* Debug */ = {
			isa = XCBuildConfiguration;
			buildSettings = {
				ALWAYS_SEARCH_USER_PATHS = NO;
				ASSETCATALOG_COMPILER_GENERATE_SWIFT_ASSET_SYMBOL_EXTENSIONS = YES;
				CLANG_ANALYZER_NONNULL = YES;
				CLANG_ANALYZER_NUMBER_OBJECT_CONVERSION = YES_AGGRESSIVE;
				CLANG_CXX_LANGUAGE_STANDARD = "gnu++20";
				CLANG_ENABLE_MODULES = YES;
				CLANG_ENABLE_OBJC_ARC = YES;
				CLANG_ENABLE_OBJC_WEAK = YES;
				CLANG_WARN_BLOCK_CAPTURE_AUTORELEASING = YES;
				CLANG_WARN_BOOL_CONVERSION = YES;
				CLANG_WARN_COMMA = YES;
				CLANG_WARN_CONSTANT_CONVERSION = YES;
				CLANG_WARN_DEPRECATED_OBJC_IMPLEMENTATIONS = YES;
				CLANG_WARN_DIRECT_OBJC_ISA_USAGE = YES_ERROR;
				CLANG_WARN_DOCUMENTATION_COMMENTS = YES;
				CLANG_WARN_EMPTY_BODY = YES;
				CLANG_WARN_ENUM_CONVERSION = YES;
				CLANG_WARN_INFINITE_RECURSION = YES;
				CLANG_WARN_INT_CONVERSION = YES;
				CLANG_WARN_NON_LITERAL_NULL_CONVERSION = YES;
				CLANG_WARN_OBJC_IMPLICIT_RETAIN_SELF = YES;
				CLANG_WARN_OBJC_LITERAL_CONVERSION = YES;
				CLANG_WARN_OBJC_ROOT_CLASS = YES_ERROR;
				CLANG_WARN_QUOTED_INCLUDE_IN_FRAMEWORK_HEADER = YES;
				CLANG_WARN_RANGE_LOOP_ANALYSIS = YES;
				CLANG_WARN_STRICT_PROTOTYPES = YES;
				CLANG_WARN_SUSPICIOUS_MOVE = YES;
				CLANG_WARN_UNGUARDED_AVAILABILITY = YES_AGGRESSIVE;
				CLANG_WARN_UNREACHABLE_CODE = YES;
				CLANG_WARN__DUPLICATE_METHOD_MATCH = YES;
				COPY_PHASE_STRIP = NO;
				DEBUG_INFORMATION_FORMAT = dwarf;
				ENABLE_STRICT_OBJC_MSGSEND = YES;
				ENABLE_TESTABILITY = YES;
				ENABLE_USER_SCRIPT_SANDBOXING = YES;
				GCC_C_LANGUAGE_STANDARD = gnu17;
				GCC_DYNAMIC_NO_PIC = NO;
				GCC_NO_COMMON_BLOCKS = YES;
				GCC_OPTIMIZATION_LEVEL = 0;
				GCC_PREPROCESSOR_DEFINITIONS = (
					"DEBUG=1",
					"$(inherited)",
				);
				GCC_WARN_64_TO_32_BIT_CONVERSION = YES;
				GCC_WARN_ABOUT_RETURN_TYPE = YES_ERROR;
				GCC_WARN_UNDECLARED_SELECTOR = YES;
				GCC_WARN_UNINITIALIZED_AUTOS = YES_AGGRESSIVE;
				GCC_WARN_UNUSED_FUNCTION = YES;
				GCC_WARN_UNUSED_VARIABLE = YES;
				IPHONEOS_DEPLOYMENT_TARGET = 17.2;
				LOCALIZATION_PREFERS_STRING_CATALOGS = YES;
				MTL_ENABLE_DEBUG_INFO = INCLUDE_SOURCE;
				MTL_FAST_MATH = YES;
				ONLY_ACTIVE_ARCH = YES;
				SDKROOT = iphoneos;
				SWIFT_ACTIVE_COMPILATION_CONDITIONS = "DEBUG $(inherited)";
				SWIFT_OPTIMIZATION_LEVEL = "-Onone";
			};
			name = Debug;
		};
		8B02F19F2BAF2BF200C90224 /* Release */ = {
			isa = XCBuildConfiguration;
			buildSettings = {
				ALWAYS_SEARCH_USER_PATHS = NO;
				ASSETCATALOG_COMPILER_GENERATE_SWIFT_ASSET_SYMBOL_EXTENSIONS = YES;
				CLANG_ANALYZER_NONNULL = YES;
				CLANG_ANALYZER_NUMBER_OBJECT_CONVERSION = YES_AGGRESSIVE;
				CLANG_CXX_LANGUAGE_STANDARD = "gnu++20";
				CLANG_ENABLE_MODULES = YES;
				CLANG_ENABLE_OBJC_ARC = YES;
				CLANG_ENABLE_OBJC_WEAK = YES;
				CLANG_WARN_BLOCK_CAPTURE_AUTORELEASING = YES;
				CLANG_WARN_BOOL_CONVERSION = YES;
				CLANG_WARN_COMMA = YES;
				CLANG_WARN_CONSTANT_CONVERSION = YES;
				CLANG_WARN_DEPRECATED_OBJC_IMPLEMENTATIONS = YES;
				CLANG_WARN_DIRECT_OBJC_ISA_USAGE = YES_ERROR;
				CLANG_WARN_DOCUMENTATION_COMMENTS = YES;
				CLANG_WARN_EMPTY_BODY = YES;
				CLANG_WARN_ENUM_CONVERSION = YES;
				CLANG_WARN_INFINITE_RECURSION = YES;
				CLANG_WARN_INT_CONVERSION = YES;
				CLANG_WARN_NON_LITERAL_NULL_CONVERSION = YES;
				CLANG_WARN_OBJC_IMPLICIT_RETAIN_SELF = YES;
				CLANG_WARN_OBJC_LITERAL_CONVERSION = YES;
				CLANG_WARN_OBJC_ROOT_CLASS = YES_ERROR;
				CLANG_WARN_QUOTED_INCLUDE_IN_FRAMEWORK_HEADER = YES;
				CLANG_WARN_RANGE_LOOP_ANALYSIS = YES;
				CLANG_WARN_STRICT_PROTOTYPES = YES;
				CLANG_WARN_SUSPICIOUS_MOVE = YES;
				CLANG_WARN_UNGUARDED_AVAILABILITY = YES_AGGRESSIVE;
				CLANG_WARN_UNREACHABLE_CODE = YES;
				CLANG_WARN__DUPLICATE_METHOD_MATCH = YES;
				COPY_PHASE_STRIP = NO;
				DEBUG_INFORMATION_FORMAT = "dwarf-with-dsym";
				ENABLE_NS_ASSERTIONS = NO;
				ENABLE_STRICT_OBJC_MSGSEND = YES;
				ENABLE_USER_SCRIPT_SANDBOXING = YES;
				GCC_C_LANGUAGE_STANDARD = gnu17;
				GCC_NO_COMMON_BLOCKS = YES;
				GCC_WARN_64_TO_32_BIT_CONVERSION = YES;
				GCC_WARN_ABOUT_RETURN_TYPE = YES_ERROR;
				GCC_WARN_UNDECLARED_SELECTOR = YES;
				GCC_WARN_UNINITIALIZED_AUTOS = YES_AGGRESSIVE;
				GCC_WARN_UNUSED_FUNCTION = YES;
				GCC_WARN_UNUSED_VARIABLE = YES;
				IPHONEOS_DEPLOYMENT_TARGET = 17.2;
				LOCALIZATION_PREFERS_STRING_CATALOGS = YES;
				MTL_ENABLE_DEBUG_INFO = NO;
				MTL_FAST_MATH = YES;
				SDKROOT = iphoneos;
				SWIFT_COMPILATION_MODE = wholemodule;
				VALIDATE_PRODUCT = YES;
			};
			name = Release;
		};
		8B02F1A12BAF2BF200C90224 /* Debug */ = {
			isa = XCBuildConfiguration;
			buildSettings = {
				ASSETCATALOG_COMPILER_APPICON_NAME = AppIcon;
				ASSETCATALOG_COMPILER_GLOBAL_ACCENT_COLOR_NAME = AccentColor;
				CODE_SIGN_STYLE = Automatic;
				CURRENT_PROJECT_VERSION = 1;
				DEVELOPMENT_ASSET_PATHS = "\"kanutest/Preview Content\"";
				DEVELOPMENT_TEAM = GK39GPB6KU;
				ENABLE_PREVIEWS = YES;
				GENERATE_INFOPLIST_FILE = YES;
				INFOPLIST_KEY_UIApplicationSceneManifest_Generation = YES;
				INFOPLIST_KEY_UIApplicationSupportsIndirectInputEvents = YES;
				INFOPLIST_KEY_UILaunchScreen_Generation = YES;
				INFOPLIST_KEY_UISupportedInterfaceOrientations_iPad = "UIInterfaceOrientationPortrait UIInterfaceOrientationPortraitUpsideDown UIInterfaceOrientationLandscapeLeft UIInterfaceOrientationLandscapeRight";
				INFOPLIST_KEY_UISupportedInterfaceOrientations_iPhone = "UIInterfaceOrientationPortrait UIInterfaceOrientationLandscapeLeft UIInterfaceOrientationLandscapeRight";
				LD_RUNPATH_SEARCH_PATHS = (
					"$(inherited)",
					"@executable_path/Frameworks",
				);
				MARKETING_VERSION = 1.0;
				PRODUCT_BUNDLE_IDENTIFIER = me.soongyu.kanutest;
				PRODUCT_NAME = "$(TARGET_NAME)";
				SWIFT_EMIT_LOC_STRINGS = YES;
				SWIFT_VERSION = 5.0;
				TARGETED_DEVICE_FAMILY = "1,2";
			};
			name = Debug;
		};
		8B02F1A22BAF2BF200C90224 /* Release */ = {
			isa = XCBuildConfiguration;
			buildSettings = {
				ASSETCATALOG_COMPILER_APPICON_NAME = AppIcon;
				ASSETCATALOG_COMPILER_GLOBAL_ACCENT_COLOR_NAME = AccentColor;
				CODE_SIGN_STYLE = Automatic;
				CURRENT_PROJECT_VERSION = 1;
				DEVELOPMENT_ASSET_PATHS = "\"kanutest/Preview Content\"";
				DEVELOPMENT_TEAM = GK39GPB6KU;
				ENABLE_PREVIEWS = YES;
				GENERATE_INFOPLIST_FILE = YES;
				INFOPLIST_KEY_UIApplicationSceneManifest_Generation = YES;
				INFOPLIST_KEY_UIApplicationSupportsIndirectInputEvents = YES;
				INFOPLIST_KEY_UILaunchScreen_Generation = YES;
				INFOPLIST_KEY_UISupportedInterfaceOrientations_iPad = "UIInterfaceOrientationPortrait UIInterfaceOrientationPortraitUpsideDown UIInterfaceOrientationLandscapeLeft UIInterfaceOrientationLandscapeRight";
				INFOPLIST_KEY_UISupportedInterfaceOrientations_iPhone = "UIInterfaceOrientationPortrait UIInterfaceOrientationLandscapeLeft UIInterfaceOrientationLandscapeRight";
				LD_RUNPATH_SEARCH_PATHS = (
					"$(inherited)",
					"@executable_path/Frameworks",
				);
				MARKETING_VERSION = 1.0;
				PRODUCT_BUNDLE_IDENTIFIER = me.soongyu.kanutest;
				PRODUCT_NAME = "$(TARGET_NAME)";
				SWIFT_EMIT_LOC_STRINGS = YES;
				SWIFT_VERSION = 5.0;
				TARGETED_DEVICE_FAMILY = "1,2";
			};
			name = Release;
		};
/* End XCBuildConfiguration section */

/* Begin XCConfigurationList section */
		8B02F18D2BAF2BF100C90224 /* Build configuration list for PBXProject "kanutest" */ = {
			isa = XCConfigurationList;
			buildConfigurations = (
				8B02F19E2BAF2BF200C90224 /* Debug */,
				8B02F19F2BAF2BF200C90224 /* Release */,
			);
			defaultConfigurationIsVisible = 0;
			defaultConfigurationName = Release;
		};
		8B02F1A02BAF2BF200C90224 /* Build configuration list for PBXNativeTarget "kanutest" */ = {
			isa = XCConfigurationList;
			buildConfigurations = (
				8B02F1A12BAF2BF200C90224 /* Debug */,
				8B02F1A22BAF2BF200C90224 /* Release */,
			);
			defaultConfigurationIsVisible = 0;
			defaultConfigurationName = Release;
		};
/* End XCConfigurationList section */

/* Begin XCRemoteSwiftPackageReference section */
		8B02F1A32BAF2C0B00C90224 /* XCRemoteSwiftPackageReference "Alamofire" */ = {
			isa = XCRemoteSwiftPackageReference;
			repositoryURL = "https://github.com/Alamofire/Alamofire.git";
			requirement = {
				kind = upToNextMajorVersion;
				minimumVersion = 5.9.0;
			};
		};
/* End XCRemoteSwiftPackageReference section */

/* Begin XCSwiftPackageProductDependency section */
		8B02F1A42BAF2C0B00C90224 /* Alamofire */ = {
			isa = XCSwiftPackageProductDependency;
			package = 8B02F1A32BAF2C0B00C90224 /* XCRemoteSwiftPackageReference "Alamofire" */;
			productName = Alamofire;
		};
/* End XCSwiftPackageProductDependency section */
	};
	rootObject = 8B02F18A2BAF2BF100C90224 /* Project object */;
}
